
Microsoft Visual Studio Solution File, Format Version 12.00
# Visual Studio Version 16
VisualStudioVersion = 16.0.31424.327
MinimumVisualStudioVersion = 10.0.40219.1
Project("{9A19103F-16F7-4668-BE54-9A1E7A4F7556}") = "Utils", "Utils\Utils.csproj", "{1913BDE2-8F7A-4AED-BCD7-6EB57510F7A6}"
EndProject
Project("{9A19103F-16F7-4668-BE54-9A1E7A4F7556}") = "Utils.Services", "Utils.Services\Utils.Services.csproj", "{700F0993-40E6-4E55-B8EB-495486FC0421}"
EndProject
Project("{9A19103F-16F7-4668-BE54-9A1E7A4F7556}") = "Utils.Domain", "Utils.Domain\Utils.Domain.csproj", "{EC31E6C3-5EC8-4C6B-B82F-337782ABBA38}"
EndProject
Project("{9A19103F-16F7-4668-BE54-9A1E7A4F7556}") = "Utils.Respository", "Utils.Respository\Utils.Respository.csproj", "{3077E6EE-EF17-4253-ADE9-C749BE42C9EF}"
EndProject
Project("{9A19103F-16F7-4668-BE54-9A1E7A4F7556}") = "PagedList", "PagedList\PagedList.csproj", "{32608558-19F8-40F1-88A9-F9D0FBFF467C}"
EndProject
Project("{9A19103F-16F7-4668-BE54-9A1E7A4F7556}") = "Common", "Common\Common.csproj", "{02228ADD-F5AA-44D1-B0DA-B62074E8C93C}"
EndProject
Global
	GlobalSection(SolutionConfigurationPlatforms) = preSolution
		Debug|Any CPU = Debug|Any CPU
		Release|Any CPU = Release|Any CPU
	EndGlobalSection
	GlobalSection(ProjectConfigurationPlatforms) = postSolution
		{1913BDE2-8F7A-4AED-BCD7-6EB57510F7A6}.Debug|Any CPU.ActiveCfg = Debug|Any CPU
		{1913BDE2-8F7A-4AED-BCD7-6EB57510F7A6}.Debug|Any CPU.Build.0 = Debug|Any CPU
		{1913BDE2-8F7A-4AED-BCD7-6EB57510F7A6}.Release|Any CPU.ActiveCfg = Release|Any CPU
		{1913BDE2-8F7A-4AED-BCD7-6EB57510F7A6}.Release|Any CPU.Build.0 = Release|Any CPU
		{700F0993-40E6-4E55-B8EB-495486FC0421}.Debug|Any CPU.ActiveCfg = Debug|Any CPU
		{700F0993-40E6-4E55-B8EB-495486FC0421}.Debug|Any CPU.Build.0 = Debug|Any CPU
		{700F0993-40E6-4E55-B8EB-495486FC0421}.Release|Any CPU.ActiveCfg = Release|Any CPU
		{700F0993-40E6-4E55-B8EB-495486FC0421}.Release|Any CPU.Build.0 = Release|Any CPU
		{EC31E6C3-5EC8-4C6B-B82F-337782ABBA38}.Debug|Any CPU.ActiveCfg = Debug|Any CPU
		{EC31E6C3-5EC8-4C6B-B82F-337782ABBA38}.Debug|Any CPU.Build.0 = Debug|Any CPU
		{EC31E6C3-5EC8-4C6B-B82F-337782ABBA38}.Release|Any CPU.ActiveCfg = Release|Any CPU
		{EC31E6C3-5EC8-4C6B-B82F-337782ABBA38}.Release|Any CPU.Build.0 = Release|Any CPU
		{3077E6EE-EF17-4253-ADE9-C749BE42C9EF}.Debug|Any CPU.ActiveCfg = Debug|Any CPU
		{3077E6EE-EF17-4253-ADE9-C749BE42C9EF}.Debug|Any CPU.Build.0 = Debug|Any CPU
		{3077E6EE-EF17-4253-ADE9-C749BE42C9EF}.Release|Any CPU.ActiveCfg = Release|Any CPU
		{3077E6EE-EF17-4253-ADE9-C749BE42C9EF}.Release|Any CPU.Build.0 = Release|Any CPU
		{32608558-19F8-40F1-88A9-F9D0FBFF467C}.Debug|Any CPU.ActiveCfg = Debug|Any CPU
		{32608558-19F8-40F1-88A9-F9D0FBFF467C}.Debug|Any CPU.Build.0 = Debug|Any CPU
		{32608558-19F8-40F1-88A9-F9D0FBFF467C}.Release|Any CPU.ActiveCfg = Release|Any CPU
		{32608558-19F8-40F1-88A9-F9D0FBFF467C}.Release|Any CPU.Build.0 = Release|Any CPU
		{02228ADD-F5AA-44D1-B0DA-B62074E8C93C}.Debug|Any CPU.ActiveCfg = Debug|Any CPU
		{02228ADD-F5AA-44D1-B0DA-B62074E8C93C}.Debug|Any CPU.Build.0 = Debug|Any CPU
		{02228ADD-F5AA-44D1-B0DA-B62074E8C93C}.Release|Any CPU.ActiveCfg = Release|Any CPU
		{02228ADD-F5AA-44D1-B0DA-B62074E8C93C}.Release|Any CPU.Build.0 = Release|Any CPU
	EndGlobalSection
	GlobalSection(SolutionProperties) = preSolution
		HideSolutionNode = FALSE
	EndGlobalSection
	GlobalSection(ExtensibilityGlobals) = postSolution
		SolutionGuid = {AC1ADA4D-40EE-4B40-B588-FDCD4352A401}
	EndGlobalSection
EndGlobal
